
Microsoft Visual Studio Solution File, Format Version 12.00
# Visual Studio Version 17
VisualStudioVersion = 17.5.33516.290
MinimumVisualStudioVersion = 10.0.40219.1
Project("{FAE04EC0-301F-11D3-BF4B-00C04F79EFBC}") = "MDK02.02", "MDK02.02\MDK02.02.csproj", "{EBCB6E58-8DAD-4246-826E-10C72C1966ED}"
EndProject
Global
	GlobalSection(SolutionConfigurationPlatforms) = preSolution
		Debug|Any CPU = Debug|Any CPU
		Release|Any CPU = Release|Any CPU
	EndGlobalSection
	GlobalSection(ProjectConfigurationPlatforms) = postSolution
		{EBCB6E58-8DAD-4246-826E-10C72C1966ED}.Debug|Any CPU.ActiveCfg = Debug|Any CPU
		{EBCB6E58-8DAD-4246-826E-10C72C1966ED}.Debug|Any CPU.Build.0 = Debug|Any CPU
		{EBCB6E58-8DAD-4246-826E-10C72C1966ED}.Release|Any CPU.ActiveCfg = Release|Any CPU
		{EBCB6E58-8DAD-4246-826E-10C72C1966ED}.Release|Any CPU.Build.0 = Release|Any CPU
	EndGlobalSection
	GlobalSection(SolutionProperties) = preSolution
		HideSolutionNode = FALSE
	EndGlobalSection
	GlobalSection(ExtensibilityGlobals) = postSolution
		SolutionGuid = {74BF9A7C-2137-46B1-8013-6833FC690391}
	EndGlobalSection
EndGlobal
